<Solution>
  <Folder Name="/Module/">
    <Project Path="module/Tio.Avalonia.Standard/src/Tio.Avalonia.Standard.Tab/Tio.Avalonia.Standard.Tab.csproj" />
    <Project Path="module/Tio.Avalonia.Standard/src/Tio.Avalonia.Standard/Tio.Avalonia.Standard.csproj" />
    <Project Path="src/SulfurLauncher.LitematicaViewer/LitematicaViewer.csproj" />
  </Folder>
  <Folder Name="/Module/Bedrock/">
    <Project Path="src/SulfurLauncher.Bedrock.Bootstrap/SulfurLauncher.Bedrock.Bootstrap.vcxproj" />
    <Project Path="src/SulfurLauncher.Bedrock.Core/SulfurLauncher.Bedrock.Core.csproj" />
    <Project Path="src/SulfurLauncher.Bedrock.Core.Windows/SulfurLauncher.Bedrock.Core.Windows.csproj" />
    <Project Path="src/SulfurLauncher.Bedrock.Hook/SulfurLauncher.Bedrock.Hook.csproj" />
    <Project Path="src/SulfurLauncher.Bedrock.Injector/SulfurLauncher.Bedrock.Injector.vcxproj" />
    <Project Path="src/SulfurLauncher.Bedrock.Linux/SulfurLauncher.Bedrock.Linux.csproj" />
    <Project Path="src/SulfurLauncher.Bedrock.PeNet/src/PeNet/SulfurLauncher.Bedrock.PeNet.csproj" />
    <Project Path="src/SulfurLauncher.Bedrock.Preload/SulfurLauncher.Bedrock.Preload.csproj" />
    <Project Path="src/SulfurLauncher.Bedrock.Standard/SulfurLauncher.Bedrock.Standard.csproj" />
    <Project Path="src/SulfurLauncher.Bedrock.Windows/SulfurLauncher.Bedrock.Windows.csproj" />
    <Project Path="src/SulfurLauncher.Bedrock.Xbox/SulfurLauncher.Bedrock.Xbox.csproj" />
  </Folder>
  <Folder Name="/Module/Iridium/">
    <Project Path="module/Iridium/src/Iridium.Extension/Iridium.Extension.csproj" />
    <Project Path="module/Iridium/src/Iridium.Sample/Iridium.Sample.csproj" />
    <Project Path="module/Iridium/src/Iridium.SourceGenerators/Iridium.SourceGenerators.csproj" />
    <Project Path="module/Iridium/src/Iridium/Iridium.csproj" />
  </Folder>
  <Folder Name="/Module/LiteSkinViewer/">
    <Project Path="module/LiteSkinViewer/LiteSkinViewer.2D/LiteSkinViewer.2D.csproj" />
    <Project Path="module/LiteSkinViewer/LiteSkinViewer.3D/LiteSkinViewer.3D.csproj" />
    <Project Path="module/LiteSkinViewer/LiteSkinViewer.Shared/LiteSkinViewer.Shared.csproj" />
  </Folder>
  <Folder Name="/Module/MinecraftLaunch/">
    <Project Path="module/MinecraftLaunch/src/MinecraftLaunch.Base/MinecraftLaunch.Base.csproj" />
    <Project Path="module/MinecraftLaunch/src/MinecraftLaunch/MinecraftLaunch.csproj" />
  </Folder>
  <Folder Name="/Module/TioUi/">
    <Project Path="module/Tio.Avalonia.Standard/module/TioUi.Avalonia/src/Demo/TioUi.Demo.Desktop/TioUi.Demo.Desktop.csproj" />
    <Project Path="module/Tio.Avalonia.Standard/module/TioUi.Avalonia/src/Demo/TioUi.Demo/TioUi.Demo.csproj" />
    <Project Path="module/Tio.Avalonia.Standard/module/TioUi.Avalonia/src/TioUi.SmoothScroll/TioUi.SmoothScroll.csproj" />
    <Project Path="module/Tio.Avalonia.Standard/module/TioUi.Avalonia/src/TioUi/TioUi.csproj" />
  </Folder>
  <Folder Name="/Solution Item/">
    <File Path="src/Directory.Build.props" />
    <File Path="src/Directory.Packages.props" />
  </Folder>
  <Project Path="src/SulfurLauncher.Console/SulfurLauncher.Console.csproj" />
  <Project Path="src/SulfurLauncher.Core/SulfurLauncher.Core.csproj" />
  <Project Path="src/SulfurLauncher.Desktop/SulfurLauncher.Desktop.csproj" />
  <Project Path="src/SulfurLauncher.Localization/SulfurLauncher.Localization.csproj" />
  <Project Path="src/SulfurLauncher/SulfurLauncher.csproj" />
</Solution>
